// !$*UTF8*$!
{
	archiveVersion = 1;
	classes = {
	};
	objectVersion = 48;
	objects = {

/* Begin PBXBuildFile section */
		C8FA1AA11FC06ED000F6EE70 /* AppDelegate.swift in Sources */ = {isa = PBXBuildFile; fileRef = C8FA1AA01FC06ED000F6EE70 /* AppDelegate.swift */; };
		C8FA1AA31FC06ED000F6EE70 /* ViewController.swift in Sources */ = {isa = PBXBuildFile; fileRef = C8FA1AA21FC06ED000F6EE70 /* ViewController.swift */; };
		C8FA1AA61FC06ED000F6EE70 /* Main.storyboard in Resources */ = {isa = PBXBuildFile; fileRef = C8FA1AA41FC06ED000F6EE70 /* Main.storyboard */; };
		C8FA1AA81FC06ED000F6EE70 /* Assets.xcassets in Resources */ = {isa = PBXBuildFile; fileRef = C8FA1AA71FC06ED000F6EE70 /* Assets.xcassets */; };
		C8FA1AAB1FC06ED000F6EE70 /* LaunchScreen.storyboard in Resources */ = {isa = PBXBuildFile; fileRef = C8FA1AA91FC06ED000F6EE70 /* LaunchScreen.storyboard */; };
/* End PBXBuildFile section */

/* Begin PBXFileReference section */
		C8FA1A9D1FC06ED000F6EE70 /* BOOKINTERPRETER.app */ = {isa = PBXFileReference; explicitFileType = wrapper.application; includeInIndex = 0; path = BOOKINTERPRETER.app; sourceTree = BUILT_PRODUCTS_DIR; };
		C8FA1AA01FC06ED000F6EE70 /* AppDelegate.swift */ = {isa = PBXFileReference; lastKnownFileType = sourcecode.swift; path = AppDelegate.swift; sourceTree = "<group>"; };
		C8FA1AA21FC06ED000F6EE70 /* ViewController.swift */ = {isa = PBXFileReference; lastKnownFileType = sourcecode.swift; path = ViewController.swift; sourceTree = "<group>"; };
		C8FA1AA51FC06ED000F6EE70 /* Base */ = {isa = PBXFileReference; lastKnownFileType = file.storyboard; name = Base; path = Base.lproj/Main.storyboard; sourceTree = "<group>"; };
		C8FA1AA71FC06ED000F6EE70 /* Assets.xcassets */ = {isa = PBXFileReference; lastKnownFileType = folder.assetcatalog; path = Assets.xcassets; sourceTree = "<group>"; };
		C8FA1AAA1FC06ED000F6EE70 /* Base */ = {isa = PBXFileReference; lastKnownFileType = file.storyboard; name = Base; path = Base.lproj/LaunchScreen.storyboard; sourceTree = "<group>"; };
		C8FA1AAC1FC06ED000F6EE70 /* Info.plist */ = {isa = PBXFileReference; lastKnownFileType = text.plist.xml; path = Info.plist; sourceTree = "<group>"; };
/* End PBXFileReference section */

/* Begin PBXFrameworksBuildPhase section */
		C8FA1A9A1FC06ED000F6EE70 /* Frameworks */ = {
			isa = PBXFrameworksBuildPhase;
			buildActionMask = 2147483647;
			files = (
			);
			runOnlyForDeploymentPostprocessing = 0;
		};
/* End PBXFrameworksBuildPhase section */

/* Begin PBXGroup section */
		C8FA1A941FC06ED000F6EE70 = {
			isa = PBXGroup;
			children = (
				C8FA1A9F1FC06ED000F6EE70 /* BOOKINTERPRETER */,
				C8FA1A9E1FC06ED000F6EE70 /* Products */,
			);
			sourceTree = "<group>";
		};
		C8FA1A9E1FC06ED000F6EE70 /* Products */ = {
			isa = PBXGroup;
			children = (
				C8FA1A9D1FC06ED000F6EE70 /* BOOKINTERPRETER.app */,
			);
			name = Products;
			sourceTree = "<group>";
		};
		C8FA1A9F1FC06ED000F6EE70 /* BOOKINTERPRETER */ = {
			isa = PBXGroup;
			children = (
				C8FA1AA01FC06ED000F6EE70 /* AppDelegate.swift */,
				C8FA1AA21FC06ED000F6EE70 /* ViewController.swift */,
				C8FA1AA41FC06ED000F6EE70 /* Main.storyboard */,
				C8FA1AA71FC06ED000F6EE70 /* Assets.xcassets */,
				C8FA1AA91FC06ED000F6EE70 /* LaunchScreen.storyboard */,
				C8FA1AAC1FC06ED000F6EE70 /* Info.plist */,
			);
			path = BOOKINTERPRETER;
			sourceTree = "<group>";
		};
/* End PBXGroup section */

/* Begin PBXNativeTarget section */
		C8FA1A9C1FC06ED000F6EE70 /* BOOKINTERPRETER */ = {
			isa = PBXNativeTarget;
			buildConfigurationList = C8FA1AAF1FC06ED000F6EE70 /* Build configuration list for PBXNativeTarget "BOOKINTERPRETER" */;
			buildPhases = (
				C8FA1A991FC06ED000F6EE70 /* Sources */,
				C8FA1A9A1FC06ED000F6EE70 /* Frameworks */,
				C8FA1A9B1FC06ED000F6EE70 /* Resources */,
			);
			buildRules = (
			);
			dependencies = (
			);
			name = BOOKINTERPRETER;
			productName = BOOKINTERPRETER;
			productReference = C8FA1A9D1FC06ED000F6EE70 /* BOOKINTERPRETER.app */;
			productType = "com.apple.product-type.application";
		};
/* End PBXNativeTarget section */

/* Begin PBXProject section */
		C8FA1A951FC06ED000F6EE70 /* Project object */ = {
			isa = PBXProject;
			attributes = {
				LastSwiftUpdateCheck = 0900;
				LastUpgradeCheck = 0900;
				ORGANIZATIONNAME = "J Saha ";
				TargetAttributes = {
					C8FA1A9C1FC06ED000F6EE70 = {
						CreatedOnToolsVersion = 9.0.1;
						ProvisioningStyle = Manual;
					};
				};
			};
			buildConfigurationList = C8FA1A981FC06ED000F6EE70 /* Build configuration list for PBXProject "BOOKINTERPRETER" */;
			compatibilityVersion = "Xcode 8.0";
			developmentRegion = en;
			hasScannedForEncodings = 0;
			knownRegions = (
				en,
				Base,
			);
			mainGroup = C8FA1A941FC06ED000F6EE70;
			productRefGroup = C8FA1A9E1FC06ED000F6EE70 /* Products */;
			projectDirPath = "";
			projectRoot = "";
			targets = (
				C8FA1A9C1FC06ED000F6EE70 /* BOOKINTERPRETER */,
			);
		};
/* End PBXProject section */

/* Begin PBXResourcesBuildPhase section */
		C8FA1A9B1FC06ED000F6EE70 /* Resources */ = {
			isa = PBXResourcesBuildPhase;
			buildActionMask = 2147483647;
			files = (
				C8FA1AAB1FC06ED000F6EE70 /* LaunchScreen.storyboard in Resources */,
				C8FA1AA81FC06ED000F6EE70 /* Assets.xcassets in Resources */,
				C8FA1AA61FC06ED000F6EE70 /* Main.storyboard in Resources */,
			);
			runOnlyForDeploymentPostprocessing = 0;
		};
/* End PBXResourcesBuildPhase section */

/* Begin PBXSourcesBuildPhase section */
		C8FA1A991FC06ED000F6EE70 /* Sources */ = {
			isa = PBXSourcesBuildPhase;
			buildActionMask = 2147483647;
			files = (
				C8FA1AA31FC06ED000F6EE70 /* ViewController.swift in Sources */,
				C8FA1AA11FC06ED000F6EE70 /* AppDelegate.swift in Sources */,
			);
			runOnlyForDeploymentPostprocessing = 0;
		};
/* End PBXSourcesBuildPhase section */

/* Begin PBXVariantGroup section */
		C8FA1AA41FC06ED000F6EE70 /* Main.storyboard */ = {
			isa = PBXVariantGroup;
			children = (
				C8FA1AA51FC06ED000F6EE70 /* Base */,
			);
			name = Main.storyboard;
			sourceTree = "<group>";
		};
		C8FA1AA91FC06ED000F6EE70 /* LaunchScreen.storyboard */ = {
			isa = PBXVariantGroup;
			children = (
				C8FA1AAA1FC06ED000F6EE70 /* Base */,
			);
			name = LaunchScreen.storyboard;
			sourceTree = "<group>";
		};
/* End PBXVariantGroup section */

/* Begin XCBuildConfiguration section */
		C8FA1AAD1FC06ED000F6EE70 /* Debug */ = {
			isa = XCBuildConfiguration;
			buildSettings = {
				ALWAYS_SEARCH_USER_PATHS = NO;
				CLANG_ANALYZER_NONNULL = YES;
				CLANG_ANALYZER_NUMBER_OBJECT_CONVERSION = YES_AGGRESSIVE;
				CLANG_CXX_LANGUAGE_STANDARD = "gnu++14";
				CLANG_CXX_LIBRARY = "libc++";
				CLANG_ENABLE_MODULES = YES;
				CLANG_ENABLE_OBJC_ARC = YES;
				CLANG_WARN_BLOCK_CAPTURE_AUTORELEASING = YES;
				CLANG_WARN_BOOL_CONVERSION = YES;
				CLANG_WARN_COMMA = YES;
				CLANG_WARN_CONSTANT_CONVERSION = YES;
				CLANG_WARN_DIRECT_OBJC_ISA_USAGE = YES_ERROR;
				CLANG_WARN_DOCUMENTATION_COMMENTS = YES;
				CLANG_WARN_EMPTY_BODY = YES;
				CLANG_WARN_ENUM_CONVERSION = YES;
				CLANG_WARN_INFINITE_RECURSION = YES;
				CLANG_WARN_INT_CONVERSION = YES;
				CLANG_WARN_NON_LITERAL_NULL_CONVERSION = YES;
				CLANG_WARN_OBJC_LITERAL_CONVERSION = YES;
				CLANG_WARN_OBJC_ROOT_CLASS = YES_ERROR;
				CLANG_WARN_RANGE_LOOP_ANALYSIS = YES;
				CLANG_WARN_STRICT_PROTOTYPES = YES;
				CLANG_WARN_SUSPICIOUS_MOVE = YES;
				CLANG_WARN_UNGUARDED_AVAILABILITY = YES_AGGRESSIVE;
				CLANG_WARN_UNREACHABLE_CODE = YES;
				CLANG_WARN__DUPLICATE_METHOD_MATCH = YES;
				CODE_SIGN_IDENTITY = "iPhone Developer";
				COPY_PHASE_STRIP = NO;
				DEBUG_INFORMATION_FORMAT = dwarf;
				ENABLE_STRICT_OBJC_MSGSEND = YES;
				ENABLE_TESTABILITY = YES;
				GCC_C_LANGUAGE_STANDARD = gnu11;
				GCC_DYNAMIC_NO_PIC = NO;
				GCC_NO_COMMON_BLOCKS = YES;
				GCC_OPTIMIZATION_LEVEL = 0;
				GCC_PREPROCESSOR_DEFINITIONS = (
					"DEBUG=1",
					"$(inherited)",
				);
				GCC_WARN_64_TO_32_BIT_CONVERSION = YES;
				GCC_WARN_ABOUT_RETURN_TYPE = YES_ERROR;
				GCC_WARN_UNDECLARED_SELECTOR = YES;
				GCC_WARN_UNINITIALIZED_AUTOS = YES_AGGRESSIVE;
				GCC_WARN_UNUSED_FUNCTION = YES;
				GCC_WARN_UNUSED_VARIABLE = YES;
				IPHONEOS_DEPLOYMENT_TARGET = 11.0;
				MTL_ENABLE_DEBUG_INFO = YES;
				ONLY_ACTIVE_ARCH = YES;
				SDKROOT = iphoneos;
				SWIFT_ACTIVE_COMPILATION_CONDITIONS = DEBUG;
				SWIFT_OPTIMIZATION_LEVEL = "-Onone";
			};
			name = Debug;
		};
		C8FA1AAE1FC06ED000F6EE70 /* Release */ = {
			isa = XCBuildConfiguration;
			buildSettings = {
				ALWAYS_SEARCH_USER_PATHS = NO;
				CLANG_ANALYZER_NONNULL = YES;
				CLANG_ANALYZER_NUMBER_OBJECT_CONVERSION = YES_AGGRESSIVE;
				CLANG_CXX_LANGUAGE_STANDARD = "gnu++14";
				CLANG_CXX_LIBRARY = "libc++";
				CLANG_ENABLE_MODULES = YES;
				CLANG_ENABLE_OBJC_ARC = YES;
				CLANG_WARN_BLOCK_CAPTURE_AUTORELEASING = YES;
				CLANG_WARN_BOOL_CONVERSION = YES;
				CLANG_WARN_COMMA = YES;
				CLANG_WARN_CONSTANT_CONVERSION = YES;
				CLANG_WARN_DIRECT_OBJC_ISA_USAGE = YES_ERROR;
				CLANG_WARN_DOCUMENTATION_COMMENTS = YES;
				CLANG_WARN_EMPTY_BODY = YES;
				CLANG_WARN_ENUM_CONVERSION = YES;
				CLANG_WARN_INFINITE_RECURSION = YES;
				CLANG_WARN_INT_CONVERSION = YES;
				CLANG_WARN_NON_LITERAL_NULL_CONVERSION = YES;
				CLANG_WARN_OBJC_LITERAL_CONVERSION = YES;
				CLANG_WARN_OBJC_ROOT_CLASS = YES_ERROR;
				CLANG_WARN_RANGE_LOOP_ANALYSIS = YES;
				CLANG_WARN_STRICT_PROTOTYPES = YES;
				CLANG_WARN_SUSPICIOUS_MOVE = YES;
				CLANG_WARN_UNGUARDED_AVAILABILITY = YES_AGGRESSIVE;
				CLANG_WARN_UNREACHABLE_CODE = YES;
				CLANG_WARN__DUPLICATE_METHOD_MATCH = YES;
				CODE_SIGN_IDENTITY = "iPhone Developer";
				COPY_PHASE_STRIP = NO;
				DEBUG_INFORMATION_FORMAT = "dwarf-with-dsym";
				ENABLE_NS_ASSERTIONS = NO;
				ENABLE_STRICT_OBJC_MSGSEND = YES;
				GCC_C_LANGUAGE_STANDARD = gnu11;
				GCC_NO_COMMON_BLOCKS = YES;
				GCC_WARN_64_TO_32_BIT_CONVERSION = YES;
				GCC_WARN_ABOUT_RETURN_TYPE = YES_ERROR;
				GCC_WARN_UNDECLARED_SELECTOR = YES;
				GCC_WARN_UNINITIALIZED_AUTOS = YES_AGGRESSIVE;
				GCC_WARN_UNUSED_FUNCTION = YES;
				GCC_WARN_UNUSED_VARIABLE = YES;
				IPHONEOS_DEPLOYMENT_TARGET = 11.0;
				MTL_ENABLE_DEBUG_INFO = NO;
				SDKROOT = iphoneos;
				SWIFT_OPTIMIZATION_LEVEL = "-Owholemodule";
				VALIDATE_PRODUCT = YES;
			};
			name = Release;
		};
		C8FA1AB01FC06ED000F6EE70 /* Debug */ = {
			isa = XCBuildConfiguration;
			buildSettings = {
				ASSETCATALOG_COMPILER_APPICON_NAME = AppIcon;
				CODE_SIGN_STYLE = Manual;
				DEVELOPMENT_TEAM = "";
				INFOPLIST_FILE = BOOKINTERPRETER/Info.plist;
				LD_RUNPATH_SEARCH_PATHS = "$(inherited) @executable_path/Frameworks";
				PRODUCT_BUNDLE_IDENTIFIER = jayati.BOOKINTERPRETER;
				PRODUCT_NAME = "$(TARGET_NAME)";
				PROVISIONING_PROFILE_SPECIFIER = "";
				SWIFT_VERSION = 4.0;
				TARGETED_DEVICE_FAMILY = "1,2";
			};
			name = Debug;
		};
		C8FA1AB11FC06ED000F6EE70 /* Release */ = {
			isa = XCBuildConfiguration;
			buildSettings = {
				ASSETCATALOG_COMPILER_APPICON_NAME = AppIcon;
				CODE_SIGN_STYLE = Manual;
				DEVELOPMENT_TEAM = "";
				INFOPLIST_FILE = BOOKINTERPRETER/Info.plist;
				LD_RUNPATH_SEARCH_PATHS = "$(inherited) @executable_path/Frameworks";
				PRODUCT_BUNDLE_IDENTIFIER = jayati.BOOKINTERPRETER;
				PRODUCT_NAME = "$(TARGET_NAME)";
				PROVISIONING_PROFILE_SPECIFIER = "";
				SWIFT_VERSION = 4.0;
				TARGETED_DEVICE_FAMILY = "1,2";
			};
			name = Release;
		};
/* End XCBuildConfiguration section */

/* Begin XCConfigurationList section */
		C8FA1A981FC06ED000F6EE70 /* Build configuration list for PBXProject "BOOKINTERPRETER" */ = {
			isa = XCConfigurationList;
			buildConfigurations = (
				C8FA1AAD1FC06ED000F6EE70 /* Debug */,
				C8FA1AAE1FC06ED000F6EE70 /* Release */,
			);
			defaultConfigurationIsVisible = 0;
			defaultConfigurationName = Release;
		};
		C8FA1AAF1FC06ED000F6EE70 /* Build configuration list for PBXNativeTarget "BOOKINTERPRETER" */ = {
			isa = XCConfigurationList;
			buildConfigurations = (
				C8FA1AB01FC06ED000F6EE70 /* Debug */,
				C8FA1AB11FC06ED000F6EE70 /* Release */,
			);
			defaultConfigurationIsVisible = 0;
			defaultConfigurationName = Release;
		};
/* End XCConfigurationList section */
	};
	rootObject = C8FA1A951FC06ED000F6EE70 /* Project object */;
}
